// !$*UTF8*$!
{
	archiveVersion = 1;
	classes = {
	};
	objectVersion = 77;
	objects = {

/* Begin PBXContainerItemProxy section */
		23B7BACC2E8400DF0030153C /* PBXContainerItemProxy */ = {
			isa = PBXContainerItemProxy;
			containerPortal = 23B7BAB12E8400DE0030153C /* Project object */;
			proxyType = 1;
			remoteGlobalIDString = 23B7BAB82E8400DE0030153C;
			remoteInfo = FinancialTracker;
		};
		23B7BAD62E8400DF0030153C /* PBXContainerItemProxy */ = {
			isa = PBXContainerItemProxy;
			containerPortal = 23B7BAB12E8400DE0030153C /* Project object */;
			proxyType = 1;
			remoteGlobalIDString = 23B7BAB82E8400DE0030153C;
			remoteInfo = FinancialTracker;
		};
/* End PBXContainerItemProxy section */

/* Begin PBXFileReference section */
		23B7BAB92E8400DE0030153C /* FinancialTracker.app */ = {isa = PBXFileReference; explicitFileType = wrapper.application; includeInIndex = 0; path = FinancialTracker.app; sourceTree = BUILT_PRODUCTS_DIR; };
		23B7BACB2E8400DF0030153C /* FinancialTrackerTests.xctest */ = {isa = PBXFileReference; explicitFileType = wrapper.cfbundle; includeInIndex = 0; path = FinancialTrackerTests.xctest; sourceTree = BUILT_PRODUCTS_DIR; };
		23B7BAD52E8400DF0030153C /* FinancialTrackerUITests.xctest */ = {isa = PBXFileReference; explicitFileType = wrapper.cfbundle; includeInIndex = 0; path = FinancialTrackerUITests.xctest; sourceTree = BUILT_PRODUCTS_DIR; };
/* End PBXFileReference section */

/* Begin PBXFileSystemSynchronizedRootGroup section */
		23B7BABB2E8400DE0030153C /* FinancialTracker */ = {
			isa = PBXFileSystemSynchronizedRootGroup;
			path = FinancialTracker;
			sourceTree = "<group>";
		};
		23B7BACE2E8400DF0030153C /* FinancialTrackerTests */ = {
			isa = PBXFileSystemSynchronizedRootGroup;
			path = FinancialTrackerTests;
			sourceTree = "<group>";
		};
		23B7BAD82E8400DF0030153C /* FinancialTrackerUITests */ = {
			isa = PBXFileSystemSynchronizedRootGroup;
			path = FinancialTrackerUITests;
			sourceTree = "<group>";
		};
/* End PBXFileSystemSynchronizedRootGroup section */

/* Begin PBXFrameworksBuildPhase section */
		23B7BAB62E8400DE0030153C /* Frameworks */ = {
			isa = PBXFrameworksBuildPhase;
			buildActionMask = 2147483647;
			files = (
			);
			runOnlyForDeploymentPostprocessing = 0;
		};
		23B7BAC82E8400DF0030153C /* Frameworks */ = {
			isa = PBXFrameworksBuildPhase;
			buildActionMask = 2147483647;
			files = (
			);
			runOnlyForDeploymentPostprocessing = 0;
		};
		23B7BAD22E8400DF0030153C /* Frameworks */ = {
			isa = PBXFrameworksBuildPhase;
			buildActionMask = 2147483647;
			files = (
			);
			runOnlyForDeploymentPostprocessing = 0;
		};
/* End PBXFrameworksBuildPhase section */

/* Begin PBXGroup section */
		23B7BAB02E8400DE0030153C = {
			isa = PBXGroup;
			children = (
				23B7BABB2E8400DE0030153C /* FinancialTracker */,
				23B7BACE2E8400DF0030153C /* FinancialTrackerTests */,
				23B7BAD82E8400DF0030153C /* FinancialTrackerUITests */,
				23B7BABA2E8400DE0030153C /* Products */,
			);
			sourceTree = "<group>";
		};
		23B7BABA2E8400DE0030153C /* Products */ = {
			isa = PBXGroup;
			children = (
				23B7BAB92E8400DE0030153C /* FinancialTracker.app */,
				23B7BACB2E8400DF0030153C /* FinancialTrackerTests.xctest */,
				23B7BAD52E8400DF0030153C /* FinancialTrackerUITests.xctest */,
			);
			name = Products;
			sourceTree = "<group>";
		};
/* End PBXGroup section */

/* Begin PBXNativeTarget section */
		23B7BAB82E8400DE0030153C /* FinancialTracker */ = {
			isa = PBXNativeTarget;
			buildConfigurationList = 23B7BADF2E8400DF0030153C /* Build configuration list for PBXNativeTarget "FinancialTracker" */;
			buildPhases = (
				23B7BAB52E8400DE0030153C /* Sources */,
				23B7BAB62E8400DE0030153C /* Frameworks */,
				23B7BAB72E8400DE0030153C /* Resources */,
			);
			buildRules = (
			);
			dependencies = (
			);
			fileSystemSynchronizedGroups = (
				23B7BABB2E8400DE0030153C /* FinancialTracker */,
			);
			name = FinancialTracker;
			packageProductDependencies = (
			);
			productName = FinancialTracker;
			productReference = 23B7BAB92E8400DE0030153C /* FinancialTracker.app */;
			productType = "com.apple.product-type.application";
		};
		23B7BACA2E8400DF0030153C /* FinancialTrackerTests */ = {
			isa = PBXNativeTarget;
			buildConfigurationList = 23B7BAE22E8400DF0030153C /* Build configuration list for PBXNativeTarget "FinancialTrackerTests" */;
			buildPhases = (
				23B7BAC72E8400DF0030153C /* Sources */,
				23B7BAC82E8400DF0030153C /* Frameworks */,
				23B7BAC92E8400DF0030153C /* Resources */,
			);
			buildRules = (
			);
			dependencies = (
				23B7BACD2E8400DF0030153C /* PBXTargetDependency */,
			);
			fileSystemSynchronizedGroups = (
				23B7BACE2E8400DF0030153C /* FinancialTrackerTests */,
			);
			name = FinancialTrackerTests;
			packageProductDependencies = (
			);
			productName = FinancialTrackerTests;
			productReference = 23B7BACB2E8400DF0030153C /* FinancialTrackerTests.xctest */;
			productType = "com.apple.product-type.bundle.unit-test";
		};
		23B7BAD42E8400DF0030153C /* FinancialTrackerUITests */ = {
			isa = PBXNativeTarget;
			buildConfigurationList = 23B7BAE52E8400DF0030153C /* Build configuration list for PBXNativeTarget "FinancialTrackerUITests" */;
			buildPhases = (
				23B7BAD12E8400DF0030153C /* Sources */,
				23B7BAD22E8400DF0030153C /* Frameworks */,
				23B7BAD32E8400DF0030153C /* Resources */,
			);
			buildRules = (
			);
			dependencies = (
				23B7BAD72E8400DF0030153C /* PBXTargetDependency */,
			);
			fileSystemSynchronizedGroups = (
				23B7BAD82E8400DF0030153C /* FinancialTrackerUITests */,
			);
			name = FinancialTrackerUITests;
			packageProductDependencies = (
			);
			productName = FinancialTrackerUITests;
			productReference = 23B7BAD52E8400DF0030153C /* FinancialTrackerUITests.xctest */;
			productType = "com.apple.product-type.bundle.ui-testing";
		};
/* End PBXNativeTarget section */

/* Begin PBXProject section */
		23B7BAB12E8400DE0030153C /* Project object */ = {
			isa = PBXProject;
			attributes = {
				BuildIndependentTargetsInParallel = 1;
				LastSwiftUpdateCheck = 1640;
				LastUpgradeCheck = 1640;
				TargetAttributes = {
					23B7BAB82E8400DE0030153C = {
						CreatedOnToolsVersion = 16.4;
					};
					23B7BACA2E8400DF0030153C = {
						CreatedOnToolsVersion = 16.4;
						TestTargetID = 23B7BAB82E8400DE0030153C;
					};
					23B7BAD42E8400DF0030153C = {
						CreatedOnToolsVersion = 16.4;
						TestTargetID = 23B7BAB82E8400DE0030153C;
					};
				};
			};
			buildConfigurationList = 23B7BAB42E8400DE0030153C /* Build configuration list for PBXProject "FinancialTracker" */;
			developmentRegion = en;
			hasScannedForEncodings = 0;
			knownRegions = (
				en,
				Base,
			);
			mainGroup = 23B7BAB02E8400DE0030153C;
			minimizedProjectReferenceProxies = 1;
			preferredProjectObjectVersion = 77;
			productRefGroup = 23B7BABA2E8400DE0030153C /* Products */;
			projectDirPath = "";
			projectRoot = "";
			targets = (
				23B7BAB82E8400DE0030153C /* FinancialTracker */,
				23B7BACA2E8400DF0030153C /* FinancialTrackerTests */,
				23B7BAD42E8400DF0030153C /* FinancialTrackerUITests */,
			);
		};
/* End PBXProject section */

/* Begin PBXResourcesBuildPhase section */
		23B7BAB72E8400DE0030153C /* Resources */ = {
			isa = PBXResourcesBuildPhase;
			buildActionMask = 2147483647;
			files = (
			);
			runOnlyForDeploymentPostprocessing = 0;
		};
		23B7BAC92E8400DF0030153C /* Resources */ = {
			isa = PBXResourcesBuildPhase;
			buildActionMask = 2147483647;
			files = (
			);
			runOnlyForDeploymentPostprocessing = 0;
		};
		23B7BAD32E8400DF0030153C /* Resources */ = {
			isa = PBXResourcesBuildPhase;
			buildActionMask = 2147483647;
			files = (
			);
			runOnlyForDeploymentPostprocessing = 0;
		};
/* End PBXResourcesBuildPhase section */

/* Begin PBXSourcesBuildPhase section */
		23B7BAB52E8400DE0030153C /* Sources */ = {
			isa = PBXSourcesBuildPhase;
			buildActionMask = 2147483647;
			files = (
			);
			runOnlyForDeploymentPostprocessing = 0;
		};
		23B7BAC72E8400DF0030153C /* Sources */ = {
			isa = PBXSourcesBuildPhase;
			buildActionMask = 2147483647;
			files = (
			);
			runOnlyForDeploymentPostprocessing = 0;
		};
		23B7BAD12E8400DF0030153C /* Sources */ = {
			isa = PBXSourcesBuildPhase;
			buildActionMask = 2147483647;
			files = (
			);
			runOnlyForDeploymentPostprocessing = 0;
		};
/* End PBXSourcesBuildPhase section */

/* Begin PBXTargetDependency section */
		23B7BACD2E8400DF0030153C /* PBXTargetDependency */ = {
			isa = PBXTargetDependency;
			target = 23B7BAB82E8400DE0030153C /* FinancialTracker */;
			targetProxy = 23B7BACC2E8400DF0030153C /* PBXContainerItemProxy */;
		};
		23B7BAD72E8400DF0030153C /* PBXTargetDependency */ = {
			isa = PBXTargetDependency;
			target = 23B7BAB82E8400DE0030153C /* FinancialTracker */;
			targetProxy = 23B7BAD62E8400DF0030153C /* PBXContainerItemProxy */;
		};
/* End PBXTargetDependency section */

/* Begin XCBuildConfiguration section */
		23B7BADD2E8400DF0030153C /* Debug */ = {
			isa = XCBuildConfiguration;
			buildSettings = {
				ALWAYS_SEARCH_USER_PATHS = NO;
				ASSETCATALOG_COMPILER_GENERATE_SWIFT_ASSET_SYMBOL_EXTENSIONS = YES;
				CLANG_ANALYZER_NONNULL = YES;
				CLANG_ANALYZER_NUMBER_OBJECT_CONVERSION = YES_AGGRESSIVE;
				CLANG_CXX_LANGUAGE_STANDARD = "gnu++20";
				CLANG_ENABLE_MODULES = YES;
				CLANG_ENABLE_OBJC_ARC = YES;
				CLANG_ENABLE_OBJC_WEAK = YES;
				CLANG_WARN_BLOCK_CAPTURE_AUTORELEASING = YES;
				CLANG_WARN_BOOL_CONVERSION = YES;
				CLANG_WARN_COMMA = YES;
				CLANG_WARN_CONSTANT_CONVERSION = YES;
				CLANG_WARN_DEPRECATED_OBJC_IMPLEMENTATIONS = YES;
				CLANG_WARN_DIRECT_OBJC_ISA_USAGE = YES_ERROR;
				CLANG_WARN_DOCUMENTATION_COMMENTS = YES;
				CLANG_WARN_EMPTY_BODY = YES;
				CLANG_WARN_ENUM_CONVERSION = YES;
				CLANG_WARN_INFINITE_RECURSION = YES;
				CLANG_WARN_INT_CONVERSION = YES;
				CLANG_WARN_NON_LITERAL_NULL_CONVERSION = YES;
				CLANG_WARN_OBJC_IMPLICIT_RETAIN_SELF = YES;
				CLANG_WARN_OBJC_LITERAL_CONVERSION = YES;
				CLANG_WARN_OBJC_ROOT_CLASS = YES_ERROR;
				CLANG_WARN_QUOTED_INCLUDE_IN_FRAMEWORK_HEADER = YES;
				CLANG_WARN_RANGE_LOOP_ANALYSIS = YES;
				CLANG_WARN_STRICT_PROTOTYPES = YES;
				CLANG_WARN_SUSPICIOUS_MOVE = YES;
				CLANG_WARN_UNGUARDED_AVAILABILITY = YES_AGGRESSIVE;
				CLANG_WARN_UNREACHABLE_CODE = YES;
				CLANG_WARN__DUPLICATE_METHOD_MATCH = YES;
				COPY_PHASE_STRIP = NO;
				DEBUG_INFORMATION_FORMAT = dwarf;
				DEVELOPMENT_TEAM = TN8F86PNVM;
				ENABLE_STRICT_OBJC_MSGSEND = YES;
				ENABLE_TESTABILITY = YES;
				ENABLE_USER_SCRIPT_SANDBOXING = YES;
				GCC_C_LANGUAGE_STANDARD = gnu17;
				GCC_DYNAMIC_NO_PIC = NO;
				GCC_NO_COMMON_BLOCKS = YES;
				GCC_OPTIMIZATION_LEVEL = 0;
				GCC_PREPROCESSOR_DEFINITIONS = (
					"DEBUG=1",
					"$(inherited)",
				);
				GCC_WARN_64_TO_32_BIT_CONVERSION = YES;
				GCC_WARN_ABOUT_RETURN_TYPE = YES_ERROR;
				GCC_WARN_UNDECLARED_SELECTOR = YES;
				GCC_WARN_UNINITIALIZED_AUTOS = YES_AGGRESSIVE;
				GCC_WARN_UNUSED_FUNCTION = YES;
				GCC_WARN_UNUSED_VARIABLE = YES;
				IPHONEOS_DEPLOYMENT_TARGET = 18.5;
				LOCALIZATION_PREFERS_STRING_CATALOGS = YES;
				MTL_ENABLE_DEBUG_INFO = INCLUDE_SOURCE;
				MTL_FAST_MATH = YES;
				ONLY_ACTIVE_ARCH = YES;
				SDKROOT = iphoneos;
				SWIFT_ACTIVE_COMPILATION_CONDITIONS = "DEBUG $(inherited)";
				SWIFT_OPTIMIZATION_LEVEL = "-Onone";
			};
			name = Debug;
		};
		23B7BADE2E8400DF0030153C /* Release */ = {
			isa = XCBuildConfiguration;
			buildSettings = {
				ALWAYS_SEARCH_USER_PATHS = NO;
				ASSETCATALOG_COMPILER_GENERATE_SWIFT_ASSET_SYMBOL_EXTENSIONS = YES;
				CLANG_ANALYZER_NONNULL = YES;
				CLANG_ANALYZER_NUMBER_OBJECT_CONVERSION = YES_AGGRESSIVE;
				CLANG_CXX_LANGUAGE_STANDARD = "gnu++20";
				CLANG_ENABLE_MODULES = YES;
				CLANG_ENABLE_OBJC_ARC = YES;
				CLANG_ENABLE_OBJC_WEAK = YES;
				CLANG_WARN_BLOCK_CAPTURE_AUTORELEASING = YES;
				CLANG_WARN_BOOL_CONVERSION = YES;
				CLANG_WARN_COMMA = YES;
				CLANG_WARN_CONSTANT_CONVERSION = YES;
				CLANG_WARN_DEPRECATED_OBJC_IMPLEMENTATIONS = YES;
				CLANG_WARN_DIRECT_OBJC_ISA_USAGE = YES_ERROR;
				CLANG_WARN_DOCUMENTATION_COMMENTS = YES;
				CLANG_WARN_EMPTY_BODY = YES;
				CLANG_WARN_ENUM_CONVERSION = YES;
				CLANG_WARN_INFINITE_RECURSION = YES;
				CLANG_WARN_INT_CONVERSION = YES;
				CLANG_WARN_NON_LITERAL_NULL_CONVERSION = YES;
				CLANG_WARN_OBJC_IMPLICIT_RETAIN_SELF = YES;
				CLANG_WARN_OBJC_LITERAL_CONVERSION = YES;
				CLANG_WARN_OBJC_ROOT_CLASS = YES_ERROR;
				CLANG_WARN_QUOTED_INCLUDE_IN_FRAMEWORK_HEADER = YES;
				CLANG_WARN_RANGE_LOOP_ANALYSIS = YES;
				CLANG_WARN_STRICT_PROTOTYPES = YES;
				CLANG_WARN_SUSPICIOUS_MOVE = YES;
				CLANG_WARN_UNGUARDED_AVAILABILITY = YES_AGGRESSIVE;
				CLANG_WARN_UNREACHABLE_CODE = YES;
				CLANG_WARN__DUPLICATE_METHOD_MATCH = YES;
				COPY_PHASE_STRIP = NO;
				DEBUG_INFORMATION_FORMAT = "dwarf-with-dsym";
				DEVELOPMENT_TEAM = TN8F86PNVM;
				ENABLE_NS_ASSERTIONS = NO;
				ENABLE_STRICT_OBJC_MSGSEND = YES;
				ENABLE_USER_SCRIPT_SANDBOXING = YES;
				GCC_C_LANGUAGE_STANDARD = gnu17;
				GCC_NO_COMMON_BLOCKS = YES;
				GCC_WARN_64_TO_32_BIT_CONVERSION = YES;
				GCC_WARN_ABOUT_RETURN_TYPE = YES_ERROR;
				GCC_WARN_UNDECLARED_SELECTOR = YES;
				GCC_WARN_UNINITIALIZED_AUTOS = YES_AGGRESSIVE;
				GCC_WARN_UNUSED_FUNCTION = YES;
				GCC_WARN_UNUSED_VARIABLE = YES;
				IPHONEOS_DEPLOYMENT_TARGET = 18.5;
				LOCALIZATION_PREFERS_STRING_CATALOGS = YES;
				MTL_ENABLE_DEBUG_INFO = NO;
				MTL_FAST_MATH = YES;
				SDKROOT = iphoneos;
				SWIFT_COMPILATION_MODE = wholemodule;
				VALIDATE_PRODUCT = YES;
			};
			name = Release;
		};
		23B7BAE02E8400DF0030153C /* Debug */ = {
			isa = XCBuildConfiguration;
			buildSettings = {
				ASSETCATALOG_COMPILER_APPICON_NAME = AppIcon;
				ASSETCATALOG_COMPILER_GLOBAL_ACCENT_COLOR_NAME = AccentColor;
				CODE_SIGN_STYLE = Automatic;
				CURRENT_PROJECT_VERSION = 1;
				DEVELOPMENT_TEAM = TN8F86PNVM;
				ENABLE_PREVIEWS = YES;
				GENERATE_INFOPLIST_FILE = YES;
				INFOPLIST_KEY_UIApplicationSceneManifest_Generation = YES;
				INFOPLIST_KEY_UIApplicationSupportsIndirectInputEvents = YES;
				INFOPLIST_KEY_UILaunchScreen_Generation = YES;
				INFOPLIST_KEY_UISupportedInterfaceOrientations_iPad = "UIInterfaceOrientationPortrait UIInterfaceOrientationPortraitUpsideDown UIInterfaceOrientationLandscapeLeft UIInterfaceOrientationLandscapeRight";
				INFOPLIST_KEY_UISupportedInterfaceOrientations_iPhone = "UIInterfaceOrientationPortrait UIInterfaceOrientationLandscapeLeft UIInterfaceOrientationLandscapeRight";
				LD_RUNPATH_SEARCH_PATHS = (
					"$(inherited)",
					"@executable_path/Frameworks",
				);
				MARKETING_VERSION = 1.0;
				PRODUCT_BUNDLE_IDENTIFIER = kibichy.FinancialTracker;
				PRODUCT_NAME = "$(TARGET_NAME)";
				SWIFT_EMIT_LOC_STRINGS = YES;
				SWIFT_VERSION = 5.0;
				TARGETED_DEVICE_FAMILY = "1,2";
			};
			name = Debug;
		};
		23B7BAE12E8400DF0030153C /* Release */ = {
			isa = XCBuildConfiguration;
			buildSettings = {
				ASSETCATALOG_COMPILER_APPICON_NAME = AppIcon;
				ASSETCATALOG_COMPILER_GLOBAL_ACCENT_COLOR_NAME = AccentColor;
				CODE_SIGN_STYLE = Automatic;
				CURRENT_PROJECT_VERSION = 1;
				DEVELOPMENT_TEAM = TN8F86PNVM;
				ENABLE_PREVIEWS = YES;
				GENERATE_INFOPLIST_FILE = YES;
				INFOPLIST_KEY_UIApplicationSceneManifest_Generation = YES;
				INFOPLIST_KEY_UIApplicationSupportsIndirectInputEvents = YES;
				INFOPLIST_KEY_UILaunchScreen_Generation = YES;
				INFOPLIST_KEY_UISupportedInterfaceOrientations_iPad = "UIInterfaceOrientationPortrait UIInterfaceOrientationPortraitUpsideDown UIInterfaceOrientationLandscapeLeft UIInterfaceOrientationLandscapeRight";
				INFOPLIST_KEY_UISupportedInterfaceOrientations_iPhone = "UIInterfaceOrientationPortrait UIInterfaceOrientationLandscapeLeft UIInterfaceOrientationLandscapeRight";
				LD_RUNPATH_SEARCH_PATHS = (
					"$(inherited)",
					"@executable_path/Frameworks",
				);
				MARKETING_VERSION = 1.0;
				PRODUCT_BUNDLE_IDENTIFIER = kibichy.FinancialTracker;
				PRODUCT_NAME = "$(TARGET_NAME)";
				SWIFT_EMIT_LOC_STRINGS = YES;
				SWIFT_VERSION = 5.0;
				TARGETED_DEVICE_FAMILY = "1,2";
			};
			name = Release;
		};
		23B7BAE32E8400DF0030153C /* Debug */ = {
			isa = XCBuildConfiguration;
			buildSettings = {
				BUNDLE_LOADER = "$(TEST_HOST)";
				CODE_SIGN_STYLE = Automatic;
				CURRENT_PROJECT_VERSION = 1;
				DEVELOPMENT_TEAM = TN8F86PNVM;
				GENERATE_INFOPLIST_FILE = YES;
				IPHONEOS_DEPLOYMENT_TARGET = 18.5;
				MARKETING_VERSION = 1.0;
				PRODUCT_BUNDLE_IDENTIFIER = kibichy.FinancialTrackerTests;
				PRODUCT_NAME = "$(TARGET_NAME)";
				SWIFT_EMIT_LOC_STRINGS = NO;
				SWIFT_VERSION = 5.0;
				TARGETED_DEVICE_FAMILY = "1,2";
				TEST_HOST = "$(BUILT_PRODUCTS_DIR)/FinancialTracker.app/$(BUNDLE_EXECUTABLE_FOLDER_PATH)/FinancialTracker";
			};
			name = Debug;
		};
		23B7BAE42E8400DF0030153C /* Release */ = {
			isa = XCBuildConfiguration;
			buildSettings = {
				BUNDLE_LOADER = "$(TEST_HOST)";
				CODE_SIGN_STYLE = Automatic;
				CURRENT_PROJECT_VERSION = 1;
				DEVELOPMENT_TEAM = TN8F86PNVM;
				GENERATE_INFOPLIST_FILE = YES;
				IPHONEOS_DEPLOYMENT_TARGET = 18.5;
				MARKETING_VERSION = 1.0;
				PRODUCT_BUNDLE_IDENTIFIER = kibichy.FinancialTrackerTests;
				PRODUCT_NAME = "$(TARGET_NAME)";
				SWIFT_EMIT_LOC_STRINGS = NO;
				SWIFT_VERSION = 5.0;
				TARGETED_DEVICE_FAMILY = "1,2";
				TEST_HOST = "$(BUILT_PRODUCTS_DIR)/FinancialTracker.app/$(BUNDLE_EXECUTABLE_FOLDER_PATH)/FinancialTracker";
			};
			name = Release;
		};
		23B7BAE62E8400DF0030153C /* Debug */ = {
			isa = XCBuildConfiguration;
			buildSettings = {
				CODE_SIGN_STYLE = Automatic;
				CURRENT_PROJECT_VERSION = 1;
				DEVELOPMENT_TEAM = TN8F86PNVM;
				GENERATE_INFOPLIST_FILE = YES;
				MARKETING_VERSION = 1.0;
				PRODUCT_BUNDLE_IDENTIFIER = kibichy.FinancialTrackerUITests;
				PRODUCT_NAME = "$(TARGET_NAME)";
				SWIFT_EMIT_LOC_STRINGS = NO;
				SWIFT_VERSION = 5.0;
				TARGETED_DEVICE_FAMILY = "1,2";
				TEST_TARGET_NAME = FinancialTracker;
			};
			name = Debug;
		};
		23B7BAE72E8400DF0030153C /* Release */ = {
			isa = XCBuildConfiguration;
			buildSettings = {
				CODE_SIGN_STYLE = Automatic;
				CURRENT_PROJECT_VERSION = 1;
				DEVELOPMENT_TEAM = TN8F86PNVM;
				GENERATE_INFOPLIST_FILE = YES;
				MARKETING_VERSION = 1.0;
				PRODUCT_BUNDLE_IDENTIFIER = kibichy.FinancialTrackerUITests;
				PRODUCT_NAME = "$(TARGET_NAME)";
				SWIFT_EMIT_LOC_STRINGS = NO;
				SWIFT_VERSION = 5.0;
				TARGETED_DEVICE_FAMILY = "1,2";
				TEST_TARGET_NAME = FinancialTracker;
			};
			name = Release;
		};
/* End XCBuildConfiguration section */

/* Begin XCConfigurationList section */
		23B7BAB42E8400DE0030153C /* Build configuration list for PBXProject "FinancialTracker" */ = {
			isa = XCConfigurationList;
			buildConfigurations = (
				23B7BADD2E8400DF0030153C /* Debug */,
				23B7BADE2E8400DF0030153C /* Release */,
			);
			defaultConfigurationIsVisible = 0;
			defaultConfigurationName = Release;
		};
		23B7BADF2E8400DF0030153C /* Build configuration list for PBXNativeTarget "FinancialTracker" */ = {
			isa = XCConfigurationList;
			buildConfigurations = (
				23B7BAE02E8400DF0030153C /* Debug */,
				23B7BAE12E8400DF0030153C /* Release */,
			);
			defaultConfigurationIsVisible = 0;
			defaultConfigurationName = Release;
		};
		23B7BAE22E8400DF0030153C /* Build configuration list for PBXNativeTarget "FinancialTrackerTests" */ = {
			isa = XCConfigurationList;
			buildConfigurations = (
				23B7BAE32E8400DF0030153C /* Debug */,
				23B7BAE42E8400DF0030153C /* Release */,
			);
			defaultConfigurationIsVisible = 0;
			defaultConfigurationName = Release;
		};
		23B7BAE52E8400DF0030153C /* Build configuration list for PBXNativeTarget "FinancialTrackerUITests" */ = {
			isa = XCConfigurationList;
			buildConfigurations = (
				23B7BAE62E8400DF0030153C /* Debug */,
				23B7BAE72E8400DF0030153C /* Release */,
			);
			defaultConfigurationIsVisible = 0;
			defaultConfigurationName = Release;
		};
/* End XCConfigurationList section */
	};
	rootObject = 23B7BAB12E8400DE0030153C /* Project object */;
}
